
Microsoft Visual Studio Solution File, Format Version 12.00
# Visual Studio Version 17
VisualStudioVersion = 17.0.31903.59
MinimumVisualStudioVersion = 10.0.40219.1
Project("{FAE04EC0-301F-11D3-BF4B-00C04F79EFBC}") = "WarehouseManagement.Application", "WarehouseManagement.Application\WarehouseManagement.Application.csproj", "{2E1172FE-C392-4C56-BA0A-B82B3E036365}"
EndProject
Project("{FAE04EC0-301F-11D3-BF4B-00C04F79EFBC}") = "WarehouseManagement.Tests", "WarehouseManagement.Tests\WarehouseManagement.Tests.csproj", "{EA9CA752-5668-4418-B2C3-4A15A2ACDEB1}"
EndProject
Project("{FAE04EC0-301F-11D3-BF4B-00C04F79EFBC}") = "WarehouseManagement.Domain", "WarehouseManagement.Domain\WarehouseManagement.Domain.csproj", "{A62D6C51-7510-4F53-BF21-13334333478E}"
EndProject
Global
	GlobalSection(SolutionConfigurationPlatforms) = preSolution
		Debug|Any CPU = Debug|Any CPU
		Debug|x64 = Debug|x64
		Debug|x86 = Debug|x86
		Release|Any CPU = Release|Any CPU
		Release|x64 = Release|x64
		Release|x86 = Release|x86
	EndGlobalSection
	GlobalSection(ProjectConfigurationPlatforms) = postSolution
		{2E1172FE-C392-4C56-BA0A-B82B3E036365}.Debug|Any CPU.ActiveCfg = Debug|Any CPU
		{2E1172FE-C392-4C56-BA0A-B82B3E036365}.Debug|Any CPU.Build.0 = Debug|Any CPU
		{2E1172FE-C392-4C56-BA0A-B82B3E036365}.Debug|x64.ActiveCfg = Debug|Any CPU
		{2E1172FE-C392-4C56-BA0A-B82B3E036365}.Debug|x64.Build.0 = Debug|Any CPU
		{2E1172FE-C392-4C56-BA0A-B82B3E036365}.Debug|x86.ActiveCfg = Debug|Any CPU
		{2E1172FE-C392-4C56-BA0A-B82B3E036365}.Debug|x86.Build.0 = Debug|Any CPU
		{2E1172FE-C392-4C56-BA0A-B82B3E036365}.Release|Any CPU.ActiveCfg = Release|Any CPU
		{2E1172FE-C392-4C56-BA0A-B82B3E036365}.Release|Any CPU.Build.0 = Release|Any CPU
		{2E1172FE-C392-4C56-BA0A-B82B3E036365}.Release|x64.ActiveCfg = Release|Any CPU
		{2E1172FE-C392-4C56-BA0A-B82B3E036365}.Release|x64.Build.0 = Release|Any CPU
		{2E1172FE-C392-4C56-BA0A-B82B3E036365}.Release|x86.ActiveCfg = Release|Any CPU
		{2E1172FE-C392-4C56-BA0A-B82B3E036365}.Release|x86.Build.0 = Release|Any CPU
		{EA9CA752-5668-4418-B2C3-4A15A2ACDEB1}.Debug|Any CPU.ActiveCfg = Debug|Any CPU
		{EA9CA752-5668-4418-B2C3-4A15A2ACDEB1}.Debug|Any CPU.Build.0 = Debug|Any CPU
		{EA9CA752-5668-4418-B2C3-4A15A2ACDEB1}.Debug|x64.ActiveCfg = Debug|Any CPU
		{EA9CA752-5668-4418-B2C3-4A15A2ACDEB1}.Debug|x64.Build.0 = Debug|Any CPU
		{EA9CA752-5668-4418-B2C3-4A15A2ACDEB1}.Debug|x86.ActiveCfg = Debug|Any CPU
		{EA9CA752-5668-4418-B2C3-4A15A2ACDEB1}.Debug|x86.Build.0 = Debug|Any CPU
		{EA9CA752-5668-4418-B2C3-4A15A2ACDEB1}.Release|Any CPU.ActiveCfg = Release|Any CPU
		{EA9CA752-5668-4418-B2C3-4A15A2ACDEB1}.Release|Any CPU.Build.0 = Release|Any CPU
		{EA9CA752-5668-4418-B2C3-4A15A2ACDEB1}.Release|x64.ActiveCfg = Release|Any CPU
		{EA9CA752-5668-4418-B2C3-4A15A2ACDEB1}.Release|x64.Build.0 = Release|Any CPU
		{EA9CA752-5668-4418-B2C3-4A15A2ACDEB1}.Release|x86.ActiveCfg = Release|Any CPU
		{EA9CA752-5668-4418-B2C3-4A15A2ACDEB1}.Release|x86.Build.0 = Release|Any CPU
		{A62D6C51-7510-4F53-BF21-13334333478E}.Debug|Any CPU.ActiveCfg = Debug|Any CPU
		{A62D6C51-7510-4F53-BF21-13334333478E}.Debug|Any CPU.Build.0 = Debug|Any CPU
		{A62D6C51-7510-4F53-BF21-13334333478E}.Debug|x64.ActiveCfg = Debug|Any CPU
		{A62D6C51-7510-4F53-BF21-13334333478E}.Debug|x64.Build.0 = Debug|Any CPU
		{A62D6C51-7510-4F53-BF21-13334333478E}.Debug|x86.ActiveCfg = Debug|Any CPU
		{A62D6C51-7510-4F53-BF21-13334333478E}.Debug|x86.Build.0 = Debug|Any CPU
		{A62D6C51-7510-4F53-BF21-13334333478E}.Release|Any CPU.ActiveCfg = Release|Any CPU
		{A62D6C51-7510-4F53-BF21-13334333478E}.Release|Any CPU.Build.0 = Release|Any CPU
		{A62D6C51-7510-4F53-BF21-13334333478E}.Release|x64.ActiveCfg = Release|Any CPU
		{A62D6C51-7510-4F53-BF21-13334333478E}.Release|x64.Build.0 = Release|Any CPU
		{A62D6C51-7510-4F53-BF21-13334333478E}.Release|x86.ActiveCfg = Release|Any CPU
		{A62D6C51-7510-4F53-BF21-13334333478E}.Release|x86.Build.0 = Release|Any CPU
	EndGlobalSection
	GlobalSection(SolutionProperties) = preSolution
		HideSolutionNode = FALSE
	EndGlobalSection
EndGlobal
